
Microsoft Visual Studio Solution File, Format Version 12.00
# Visual Studio 2012
Project("{FAE04EC0-301F-11D3-BF4B-00C04F79EFBC}") = "ClassDemo", "ClassDemo\ClassDemo.csproj", "{DFE86714-FED1-4ABF-9C3A-D580E13F43F7}"
EndProject
Project("{FAE04EC0-301F-11D3-BF4B-00C04F79EFBC}") = "ExtensionMethodsDemo", "ExtensionMethodsDemo\ExtensionMethodsDemo.csproj", "{848D0E2E-DDA3-42BE-AC01-EBAB0486D707}"
EndProject
Project("{FAE04EC0-301F-11D3-BF4B-00C04F79EFBC}") = "Operators", "Operators\Operators.csproj", "{BC71BA76-C013-48DA-AA25-3F357B11471B}"
EndProject
Project("{FAE04EC0-301F-11D3-BF4B-00C04F79EFBC}") = "GenericsDemo", "GenericsDemo\GenericsDemo.csproj", "{7AA104CB-4BF3-46F3-BD9D-BD6B296E757E}"
EndProject
Project("{FAE04EC0-301F-11D3-BF4B-00C04F79EFBC}") = "Indexers", "Indexers\Indexers.csproj", "{378871B5-6978-4BA6-8407-5A7751C9D007}"
EndProject
Project("{FAE04EC0-301F-11D3-BF4B-00C04F79EFBC}") = "EnumerationsDemo", "EnumerationsDemo\EnumerationsDemo.csproj", "{ACCB27CF-7089-4F30-B3C1-EB3A96F79B28}"
EndProject
Project("{FAE04EC0-301F-11D3-BF4B-00C04F79EFBC}") = "AttributesDemo", "AttributesDemo\AttributesDemo.csproj", "{9CA3F6C1-4ED6-4B58-AD62-6FBFDB8F4BA1}"
EndProject
Project("{FAE04EC0-301F-11D3-BF4B-00C04F79EFBC}") = "DelegatesDemo", "DelegatesDemo\DelegatesDemo.csproj", "{3E76129C-26FF-45B9-9166-1F4A38DF0B75}"
EndProject
Project("{2150E333-8FDC-42A3-9474-1A3956D46DE8}") = "DelegatesEventsExpressions", "DelegatesEventsExpressions", "{383E7AA6-B857-4AC1-9BF2-895E01FEEE1D}"
EndProject
Project("{FAE04EC0-301F-11D3-BF4B-00C04F79EFBC}") = "EventsDemo", "EventsDemo\EventsDemo.csproj", "{6C8B5A08-E726-42FE-AE35-E5565693CDDD}"
EndProject
Project("{FAE04EC0-301F-11D3-BF4B-00C04F79EFBC}") = "UserDefinedConversionsDemo", "UserDefinedConversionsDemo\UserDefinedConversionsDemo.csproj", "{C8AD0B4B-4141-4B5E-9D40-19ABD66BE4CE}"
EndProject
Project("{2150E333-8FDC-42A3-9474-1A3956D46DE8}") = "Linq", "Linq", "{48FC23F2-C19B-4424-A2FB-561824917428}"
EndProject
Project("{FAE04EC0-301F-11D3-BF4B-00C04F79EFBC}") = "OperatorsOverloadingDemo", "OperatorsOverloadingDemo\OperatorsOverloadingDemo.csproj", "{83C93C63-4A64-47CF-84B0-C971512DE481}"
EndProject
Project("{FAE04EC0-301F-11D3-BF4B-00C04F79EFBC}") = "LinqToObjects", "LinqToObjects\LinqToObjects.csproj", "{F319BDA2-0A9B-4A0B-A960-F7EEF842B2D1}"
EndProject
Global
	GlobalSection(SolutionConfigurationPlatforms) = preSolution
		Debug|Any CPU = Debug|Any CPU
		Release|Any CPU = Release|Any CPU
	EndGlobalSection
	GlobalSection(ProjectConfigurationPlatforms) = postSolution
		{DFE86714-FED1-4ABF-9C3A-D580E13F43F7}.Debug|Any CPU.ActiveCfg = Debug|Any CPU
		{DFE86714-FED1-4ABF-9C3A-D580E13F43F7}.Debug|Any CPU.Build.0 = Debug|Any CPU
		{DFE86714-FED1-4ABF-9C3A-D580E13F43F7}.Release|Any CPU.ActiveCfg = Release|Any CPU
		{DFE86714-FED1-4ABF-9C3A-D580E13F43F7}.Release|Any CPU.Build.0 = Release|Any CPU
		{848D0E2E-DDA3-42BE-AC01-EBAB0486D707}.Debug|Any CPU.ActiveCfg = Debug|Any CPU
		{848D0E2E-DDA3-42BE-AC01-EBAB0486D707}.Debug|Any CPU.Build.0 = Debug|Any CPU
		{848D0E2E-DDA3-42BE-AC01-EBAB0486D707}.Release|Any CPU.ActiveCfg = Release|Any CPU
		{848D0E2E-DDA3-42BE-AC01-EBAB0486D707}.Release|Any CPU.Build.0 = Release|Any CPU
		{BC71BA76-C013-48DA-AA25-3F357B11471B}.Debug|Any CPU.ActiveCfg = Debug|Any CPU
		{BC71BA76-C013-48DA-AA25-3F357B11471B}.Debug|Any CPU.Build.0 = Debug|Any CPU
		{BC71BA76-C013-48DA-AA25-3F357B11471B}.Release|Any CPU.ActiveCfg = Release|Any CPU
		{BC71BA76-C013-48DA-AA25-3F357B11471B}.Release|Any CPU.Build.0 = Release|Any CPU
		{7AA104CB-4BF3-46F3-BD9D-BD6B296E757E}.Debug|Any CPU.ActiveCfg = Debug|Any CPU
		{7AA104CB-4BF3-46F3-BD9D-BD6B296E757E}.Debug|Any CPU.Build.0 = Debug|Any CPU
		{7AA104CB-4BF3-46F3-BD9D-BD6B296E757E}.Release|Any CPU.ActiveCfg = Release|Any CPU
		{7AA104CB-4BF3-46F3-BD9D-BD6B296E757E}.Release|Any CPU.Build.0 = Release|Any CPU
		{378871B5-6978-4BA6-8407-5A7751C9D007}.Debug|Any CPU.ActiveCfg = Debug|Any CPU
		{378871B5-6978-4BA6-8407-5A7751C9D007}.Debug|Any CPU.Build.0 = Debug|Any CPU
		{378871B5-6978-4BA6-8407-5A7751C9D007}.Release|Any CPU.ActiveCfg = Release|Any CPU
		{378871B5-6978-4BA6-8407-5A7751C9D007}.Release|Any CPU.Build.0 = Release|Any CPU
		{ACCB27CF-7089-4F30-B3C1-EB3A96F79B28}.Debug|Any CPU.ActiveCfg = Debug|Any CPU
		{ACCB27CF-7089-4F30-B3C1-EB3A96F79B28}.Debug|Any CPU.Build.0 = Debug|Any CPU
		{ACCB27CF-7089-4F30-B3C1-EB3A96F79B28}.Release|Any CPU.ActiveCfg = Release|Any CPU
		{ACCB27CF-7089-4F30-B3C1-EB3A96F79B28}.Release|Any CPU.Build.0 = Release|Any CPU
		{9CA3F6C1-4ED6-4B58-AD62-6FBFDB8F4BA1}.Debug|Any CPU.ActiveCfg = Debug|Any CPU
		{9CA3F6C1-4ED6-4B58-AD62-6FBFDB8F4BA1}.Debug|Any CPU.Build.0 = Debug|Any CPU
		{9CA3F6C1-4ED6-4B58-AD62-6FBFDB8F4BA1}.Release|Any CPU.ActiveCfg = Release|Any CPU
		{9CA3F6C1-4ED6-4B58-AD62-6FBFDB8F4BA1}.Release|Any CPU.Build.0 = Release|Any CPU
		{3E76129C-26FF-45B9-9166-1F4A38DF0B75}.Debug|Any CPU.ActiveCfg = Debug|Any CPU
		{3E76129C-26FF-45B9-9166-1F4A38DF0B75}.Debug|Any CPU.Build.0 = Debug|Any CPU
		{3E76129C-26FF-45B9-9166-1F4A38DF0B75}.Release|Any CPU.ActiveCfg = Release|Any CPU
		{3E76129C-26FF-45B9-9166-1F4A38DF0B75}.Release|Any CPU.Build.0 = Release|Any CPU
		{6C8B5A08-E726-42FE-AE35-E5565693CDDD}.Debug|Any CPU.ActiveCfg = Debug|Any CPU
		{6C8B5A08-E726-42FE-AE35-E5565693CDDD}.Debug|Any CPU.Build.0 = Debug|Any CPU
		{6C8B5A08-E726-42FE-AE35-E5565693CDDD}.Release|Any CPU.ActiveCfg = Release|Any CPU
		{6C8B5A08-E726-42FE-AE35-E5565693CDDD}.Release|Any CPU.Build.0 = Release|Any CPU
		{C8AD0B4B-4141-4B5E-9D40-19ABD66BE4CE}.Debug|Any CPU.ActiveCfg = Debug|Any CPU
		{C8AD0B4B-4141-4B5E-9D40-19ABD66BE4CE}.Debug|Any CPU.Build.0 = Debug|Any CPU
		{C8AD0B4B-4141-4B5E-9D40-19ABD66BE4CE}.Release|Any CPU.ActiveCfg = Release|Any CPU
		{C8AD0B4B-4141-4B5E-9D40-19ABD66BE4CE}.Release|Any CPU.Build.0 = Release|Any CPU
		{83C93C63-4A64-47CF-84B0-C971512DE481}.Debug|Any CPU.ActiveCfg = Debug|Any CPU
		{83C93C63-4A64-47CF-84B0-C971512DE481}.Debug|Any CPU.Build.0 = Debug|Any CPU
		{83C93C63-4A64-47CF-84B0-C971512DE481}.Release|Any CPU.ActiveCfg = Release|Any CPU
		{83C93C63-4A64-47CF-84B0-C971512DE481}.Release|Any CPU.Build.0 = Release|Any CPU
		{F319BDA2-0A9B-4A0B-A960-F7EEF842B2D1}.Debug|Any CPU.ActiveCfg = Debug|Any CPU
		{F319BDA2-0A9B-4A0B-A960-F7EEF842B2D1}.Debug|Any CPU.Build.0 = Debug|Any CPU
		{F319BDA2-0A9B-4A0B-A960-F7EEF842B2D1}.Release|Any CPU.ActiveCfg = Release|Any CPU
		{F319BDA2-0A9B-4A0B-A960-F7EEF842B2D1}.Release|Any CPU.Build.0 = Release|Any CPU
	EndGlobalSection
	GlobalSection(SolutionProperties) = preSolution
		HideSolutionNode = FALSE
	EndGlobalSection
	GlobalSection(NestedProjects) = preSolution
		{3E76129C-26FF-45B9-9166-1F4A38DF0B75} = {383E7AA6-B857-4AC1-9BF2-895E01FEEE1D}
		{6C8B5A08-E726-42FE-AE35-E5565693CDDD} = {383E7AA6-B857-4AC1-9BF2-895E01FEEE1D}
		{F319BDA2-0A9B-4A0B-A960-F7EEF842B2D1} = {48FC23F2-C19B-4424-A2FB-561824917428}
	EndGlobalSection
EndGlobal
